// !$*UTF8*$!
{
	archiveVersion = 1;
	classes = {
	};
	objectVersion = 55;
	objects = {

/* Begin PBXBuildFile section */
		7242805627D6065700BB0256 /* AppDelegate.swift in Sources */ = {isa = PBXBuildFile; fileRef = 7242805527D6065700BB0256 /* AppDelegate.swift */; };
		7242805A27D6065700BB0256 /* SplashViewController.swift in Sources */ = {isa = PBXBuildFile; fileRef = 7242805927D6065700BB0256 /* SplashViewController.swift */; };
		7242805F27D6065800BB0256 /* Assets.xcassets in Resources */ = {isa = PBXBuildFile; fileRef = 7242805E27D6065800BB0256 /* Assets.xcassets */; };
		7242806227D6065800BB0256 /* LaunchScreen.storyboard in Resources */ = {isa = PBXBuildFile; fileRef = 7242806027D6065800BB0256 /* LaunchScreen.storyboard */; };
		7242806D27D6065900BB0256 /* TripDiaryaTests.swift in Sources */ = {isa = PBXBuildFile; fileRef = 7242806C27D6065900BB0256 /* TripDiaryaTests.swift */; };
		7242807727D6065900BB0256 /* TripDiaryaUITests.swift in Sources */ = {isa = PBXBuildFile; fileRef = 7242807627D6065900BB0256 /* TripDiaryaUITests.swift */; };
		7242807927D6065900BB0256 /* TripDiaryaUITestsLaunchTests.swift in Sources */ = {isa = PBXBuildFile; fileRef = 7242807827D6065900BB0256 /* TripDiaryaUITestsLaunchTests.swift */; };
		72B29CC327E0E80C006BBE66 /* SplashViewModel.swift in Sources */ = {isa = PBXBuildFile; fileRef = 72B29CC227E0E80C006BBE66 /* SplashViewModel.swift */; };
		72B29CC527E0E81A006BBE66 /* SplashView.swift in Sources */ = {isa = PBXBuildFile; fileRef = 72B29CC427E0E81A006BBE66 /* SplashView.swift */; };
		72B29CC727E0E849006BBE66 /* Base.swift in Sources */ = {isa = PBXBuildFile; fileRef = 72B29CC627E0E849006BBE66 /* Base.swift */; };
		72F021B727E30CFC00CBD208 /* ViewActionReactiveUseable.swift in Sources */ = {isa = PBXBuildFile; fileRef = 72F021B627E30CFC00CBD208 /* ViewActionReactiveUseable.swift */; };
		72F021B927E315BC00CBD208 /* SplashTimer.swift in Sources */ = {isa = PBXBuildFile; fileRef = 72F021B827E315BC00CBD208 /* SplashTimer.swift */; };
		7DE1CA8103FCD13FE67EE5E9 /* Pods_TripDiaryaTests.framework in Frameworks */ = {isa = PBXBuildFile; fileRef = AA50A260B61B20DEFCD6497D /* Pods_TripDiaryaTests.framework */; };
		A8D5D677A1EB1DED223FD68F /* Pods_TripDiarya_TripDiaryaUITests.framework in Frameworks */ = {isa = PBXBuildFile; fileRef = D1DFFE8EFB207F6BB7DBF04C /* Pods_TripDiarya_TripDiaryaUITests.framework */; };
		E2B2F2630095A283FC985433 /* Pods_TripDiarya.framework in Frameworks */ = {isa = PBXBuildFile; fileRef = B8FE86E45B01887682998611 /* Pods_TripDiarya.framework */; };
/* End PBXBuildFile section */

/* Begin PBXContainerItemProxy section */
		7242806927D6065900BB0256 /* PBXContainerItemProxy */ = {
			isa = PBXContainerItemProxy;
			containerPortal = 7242804A27D6065700BB0256 /* Project object */;
			proxyType = 1;
			remoteGlobalIDString = 7242805127D6065700BB0256;
			remoteInfo = TripDiarya;
		};
		7242807327D6065900BB0256 /* PBXContainerItemProxy */ = {
			isa = PBXContainerItemProxy;
			containerPortal = 7242804A27D6065700BB0256 /* Project object */;
			proxyType = 1;
			remoteGlobalIDString = 7242805127D6065700BB0256;
			remoteInfo = TripDiarya;
		};
/* End PBXContainerItemProxy section */

/* Begin PBXFileReference section */
		2E73887DDE3806B13A30C932 /* Pods-TripDiarya.release.xcconfig */ = {isa = PBXFileReference; includeInIndex = 1; lastKnownFileType = text.xcconfig; name = "Pods-TripDiarya.release.xcconfig"; path = "Target Support Files/Pods-TripDiarya/Pods-TripDiarya.release.xcconfig"; sourceTree = "<group>"; };
		42B2E1E4BDD1C43F8CE5BB5D /* Pods-TripDiarya-TripDiaryaUITests.release.xcconfig */ = {isa = PBXFileReference; includeInIndex = 1; lastKnownFileType = text.xcconfig; name = "Pods-TripDiarya-TripDiaryaUITests.release.xcconfig"; path = "Target Support Files/Pods-TripDiarya-TripDiaryaUITests/Pods-TripDiarya-TripDiaryaUITests.release.xcconfig"; sourceTree = "<group>"; };
		49BCC5408570F773450411A7 /* Pods-TripDiaryaTests.release.xcconfig */ = {isa = PBXFileReference; includeInIndex = 1; lastKnownFileType = text.xcconfig; name = "Pods-TripDiaryaTests.release.xcconfig"; path = "Target Support Files/Pods-TripDiaryaTests/Pods-TripDiaryaTests.release.xcconfig"; sourceTree = "<group>"; };
		7242805227D6065700BB0256 /* TripDiarya.app */ = {isa = PBXFileReference; explicitFileType = wrapper.application; includeInIndex = 0; path = TripDiarya.app; sourceTree = BUILT_PRODUCTS_DIR; };
		7242805527D6065700BB0256 /* AppDelegate.swift */ = {isa = PBXFileReference; lastKnownFileType = sourcecode.swift; path = AppDelegate.swift; sourceTree = "<group>"; };
		7242805927D6065700BB0256 /* SplashViewController.swift */ = {isa = PBXFileReference; lastKnownFileType = sourcecode.swift; path = SplashViewController.swift; sourceTree = "<group>"; };
		7242805E27D6065800BB0256 /* Assets.xcassets */ = {isa = PBXFileReference; lastKnownFileType = folder.assetcatalog; path = Assets.xcassets; sourceTree = "<group>"; };
		7242806127D6065800BB0256 /* Base */ = {isa = PBXFileReference; lastKnownFileType = file.storyboard; name = Base; path = Base.lproj/LaunchScreen.storyboard; sourceTree = "<group>"; };
		7242806327D6065800BB0256 /* Info.plist */ = {isa = PBXFileReference; lastKnownFileType = text.plist.xml; path = Info.plist; sourceTree = "<group>"; };
		7242806827D6065900BB0256 /* TripDiaryaTests.xctest */ = {isa = PBXFileReference; explicitFileType = wrapper.cfbundle; includeInIndex = 0; path = TripDiaryaTests.xctest; sourceTree = BUILT_PRODUCTS_DIR; };
		7242806C27D6065900BB0256 /* TripDiaryaTests.swift */ = {isa = PBXFileReference; lastKnownFileType = sourcecode.swift; path = TripDiaryaTests.swift; sourceTree = "<group>"; };
		7242807227D6065900BB0256 /* TripDiaryaUITests.xctest */ = {isa = PBXFileReference; explicitFileType = wrapper.cfbundle; includeInIndex = 0; path = TripDiaryaUITests.xctest; sourceTree = BUILT_PRODUCTS_DIR; };
		7242807627D6065900BB0256 /* TripDiaryaUITests.swift */ = {isa = PBXFileReference; lastKnownFileType = sourcecode.swift; path = TripDiaryaUITests.swift; sourceTree = "<group>"; };
		7242807827D6065900BB0256 /* TripDiaryaUITestsLaunchTests.swift */ = {isa = PBXFileReference; lastKnownFileType = sourcecode.swift; path = TripDiaryaUITestsLaunchTests.swift; sourceTree = "<group>"; };
		72B29CC227E0E80C006BBE66 /* SplashViewModel.swift */ = {isa = PBXFileReference; lastKnownFileType = sourcecode.swift; path = SplashViewModel.swift; sourceTree = "<group>"; };
		72B29CC427E0E81A006BBE66 /* SplashView.swift */ = {isa = PBXFileReference; lastKnownFileType = sourcecode.swift; path = SplashView.swift; sourceTree = "<group>"; };
		72B29CC627E0E849006BBE66 /* Base.swift */ = {isa = PBXFileReference; lastKnownFileType = sourcecode.swift; path = Base.swift; sourceTree = "<group>"; };
		72F021B627E30CFC00CBD208 /* ViewActionReactiveUseable.swift */ = {isa = PBXFileReference; lastKnownFileType = sourcecode.swift; path = ViewActionReactiveUseable.swift; sourceTree = "<group>"; };
		72F021B827E315BC00CBD208 /* SplashTimer.swift */ = {isa = PBXFileReference; lastKnownFileType = sourcecode.swift; path = SplashTimer.swift; sourceTree = "<group>"; };
		804D3CFEC02CD9D8F91DB086 /* Pods-TripDiarya.debug.xcconfig */ = {isa = PBXFileReference; includeInIndex = 1; lastKnownFileType = text.xcconfig; name = "Pods-TripDiarya.debug.xcconfig"; path = "Target Support Files/Pods-TripDiarya/Pods-TripDiarya.debug.xcconfig"; sourceTree = "<group>"; };
		A040A165573BCA36AA5D8E77 /* Pods-TripDiarya-TripDiaryaUITests.debug.xcconfig */ = {isa = PBXFileReference; includeInIndex = 1; lastKnownFileType = text.xcconfig; name = "Pods-TripDiarya-TripDiaryaUITests.debug.xcconfig"; path = "Target Support Files/Pods-TripDiarya-TripDiaryaUITests/Pods-TripDiarya-TripDiaryaUITests.debug.xcconfig"; sourceTree = "<group>"; };
		AA50A260B61B20DEFCD6497D /* Pods_TripDiaryaTests.framework */ = {isa = PBXFileReference; explicitFileType = wrapper.framework; includeInIndex = 0; path = Pods_TripDiaryaTests.framework; sourceTree = BUILT_PRODUCTS_DIR; };
		AF0590B84A402B1AAB8E5380 /* Pods-TripDiaryaTests.debug.xcconfig */ = {isa = PBXFileReference; includeInIndex = 1; lastKnownFileType = text.xcconfig; name = "Pods-TripDiaryaTests.debug.xcconfig"; path = "Target Support Files/Pods-TripDiaryaTests/Pods-TripDiaryaTests.debug.xcconfig"; sourceTree = "<group>"; };
		B8FE86E45B01887682998611 /* Pods_TripDiarya.framework */ = {isa = PBXFileReference; explicitFileType = wrapper.framework; includeInIndex = 0; path = Pods_TripDiarya.framework; sourceTree = BUILT_PRODUCTS_DIR; };
		D1DFFE8EFB207F6BB7DBF04C /* Pods_TripDiarya_TripDiaryaUITests.framework */ = {isa = PBXFileReference; explicitFileType = wrapper.framework; includeInIndex = 0; path = Pods_TripDiarya_TripDiaryaUITests.framework; sourceTree = BUILT_PRODUCTS_DIR; };
/* End PBXFileReference section */

/* Begin PBXFrameworksBuildPhase section */
		7242804F27D6065700BB0256 /* Frameworks */ = {
			isa = PBXFrameworksBuildPhase;
			buildActionMask = 2147483647;
			files = (
				E2B2F2630095A283FC985433 /* Pods_TripDiarya.framework in Frameworks */,
			);
			runOnlyForDeploymentPostprocessing = 0;
		};
		7242806527D6065900BB0256 /* Frameworks */ = {
			isa = PBXFrameworksBuildPhase;
			buildActionMask = 2147483647;
			files = (
				7DE1CA8103FCD13FE67EE5E9 /* Pods_TripDiaryaTests.framework in Frameworks */,
			);
			runOnlyForDeploymentPostprocessing = 0;
		};
		7242806F27D6065900BB0256 /* Frameworks */ = {
			isa = PBXFrameworksBuildPhase;
			buildActionMask = 2147483647;
			files = (
				A8D5D677A1EB1DED223FD68F /* Pods_TripDiarya_TripDiaryaUITests.framework in Frameworks */,
			);
			runOnlyForDeploymentPostprocessing = 0;
		};
/* End PBXFrameworksBuildPhase section */

/* Begin PBXGroup section */
		5E58953052A26ACD1790BFC7 /* Frameworks */ = {
			isa = PBXGroup;
			children = (
				B8FE86E45B01887682998611 /* Pods_TripDiarya.framework */,
				D1DFFE8EFB207F6BB7DBF04C /* Pods_TripDiarya_TripDiaryaUITests.framework */,
				AA50A260B61B20DEFCD6497D /* Pods_TripDiaryaTests.framework */,
			);
			name = Frameworks;
			sourceTree = "<group>";
		};
		7242804927D6065700BB0256 = {
			isa = PBXGroup;
			children = (
				7242805427D6065700BB0256 /* TripDiarya */,
				7242806B27D6065900BB0256 /* TripDiaryaTests */,
				7242807527D6065900BB0256 /* TripDiaryaUITests */,
				7242805327D6065700BB0256 /* Products */,
				8E8941DBC24736E5382B0CBC /* Pods */,
				5E58953052A26ACD1790BFC7 /* Frameworks */,
			);
			sourceTree = "<group>";
		};
		7242805327D6065700BB0256 /* Products */ = {
			isa = PBXGroup;
			children = (
				7242805227D6065700BB0256 /* TripDiarya.app */,
				7242806827D6065900BB0256 /* TripDiaryaTests.xctest */,
				7242807227D6065900BB0256 /* TripDiaryaUITests.xctest */,
			);
			name = Products;
			sourceTree = "<group>";
		};
		7242805427D6065700BB0256 /* TripDiarya */ = {
			isa = PBXGroup;
			children = (
				72F021BA27E315C900CBD208 /* splash */,
				72B29CC127E0E6AF006BBE66 /* viewmodel */,
				72B29CC027E0E6AB006BBE66 /* view */,
				7242805527D6065700BB0256 /* AppDelegate.swift */,
				7242805E27D6065800BB0256 /* Assets.xcassets */,
				7242806027D6065800BB0256 /* LaunchScreen.storyboard */,
				7242806327D6065800BB0256 /* Info.plist */,
				72B29CC627E0E849006BBE66 /* Base.swift */,
			);
			path = TripDiarya;
			sourceTree = "<group>";
		};
		7242806B27D6065900BB0256 /* TripDiaryaTests */ = {
			isa = PBXGroup;
			children = (
				7242806C27D6065900BB0256 /* TripDiaryaTests.swift */,
			);
			path = TripDiaryaTests;
			sourceTree = "<group>";
		};
		7242807527D6065900BB0256 /* TripDiaryaUITests */ = {
			isa = PBXGroup;
			children = (
				7242807627D6065900BB0256 /* TripDiaryaUITests.swift */,
				7242807827D6065900BB0256 /* TripDiaryaUITestsLaunchTests.swift */,
			);
			path = TripDiaryaUITests;
			sourceTree = "<group>";
		};
		72B29CC027E0E6AB006BBE66 /* view */ = {
			isa = PBXGroup;
			children = (
			);
			path = view;
			sourceTree = "<group>";
		};
		72B29CC127E0E6AF006BBE66 /* viewmodel */ = {
			isa = PBXGroup;
			children = (
			);
			path = viewmodel;
			sourceTree = "<group>";
		};
		72F021BA27E315C900CBD208 /* splash */ = {
			isa = PBXGroup;
			children = (
				72F021B827E315BC00CBD208 /* SplashTimer.swift */,
				7242805927D6065700BB0256 /* SplashViewController.swift */,
				72B29CC427E0E81A006BBE66 /* SplashView.swift */,
				72F021B627E30CFC00CBD208 /* ViewActionReactiveUseable.swift */,
				72B29CC227E0E80C006BBE66 /* SplashViewModel.swift */,
			);
			path = splash;
			sourceTree = "<group>";
		};
		8E8941DBC24736E5382B0CBC /* Pods */ = {
			isa = PBXGroup;
			children = (
				804D3CFEC02CD9D8F91DB086 /* Pods-TripDiarya.debug.xcconfig */,
				2E73887DDE3806B13A30C932 /* Pods-TripDiarya.release.xcconfig */,
				A040A165573BCA36AA5D8E77 /* Pods-TripDiarya-TripDiaryaUITests.debug.xcconfig */,
				42B2E1E4BDD1C43F8CE5BB5D /* Pods-TripDiarya-TripDiaryaUITests.release.xcconfig */,
				AF0590B84A402B1AAB8E5380 /* Pods-TripDiaryaTests.debug.xcconfig */,
				49BCC5408570F773450411A7 /* Pods-TripDiaryaTests.release.xcconfig */,
			);
			path = Pods;
			sourceTree = "<group>";
		};
/* End PBXGroup section */

/* Begin PBXNativeTarget section */
		7242805127D6065700BB0256 /* TripDiarya */ = {
			isa = PBXNativeTarget;
			buildConfigurationList = 7242807C27D6065900BB0256 /* Build configuration list for PBXNativeTarget "TripDiarya" */;
			buildPhases = (
				04DE38FED23649502EE84BBC /* [CP] Check Pods Manifest.lock */,
				7242804E27D6065700BB0256 /* Sources */,
				7242804F27D6065700BB0256 /* Frameworks */,
				7242805027D6065700BB0256 /* Resources */,
				B028F3875E181BD94591DBAF /* [CP] Embed Pods Frameworks */,
			);
			buildRules = (
			);
			dependencies = (
			);
			name = TripDiarya;
			productName = TripDiarya;
			productReference = 7242805227D6065700BB0256 /* TripDiarya.app */;
			productType = "com.apple.product-type.application";
		};
		7242806727D6065900BB0256 /* TripDiaryaTests */ = {
			isa = PBXNativeTarget;
			buildConfigurationList = 7242807F27D6065900BB0256 /* Build configuration list for PBXNativeTarget "TripDiaryaTests" */;
			buildPhases = (
				7CD0D291140E60A0BFF713A8 /* [CP] Check Pods Manifest.lock */,
				7242806427D6065900BB0256 /* Sources */,
				7242806527D6065900BB0256 /* Frameworks */,
				7242806627D6065900BB0256 /* Resources */,
			);
			buildRules = (
			);
			dependencies = (
				7242806A27D6065900BB0256 /* PBXTargetDependency */,
			);
			name = TripDiaryaTests;
			productName = TripDiaryaTests;
			productReference = 7242806827D6065900BB0256 /* TripDiaryaTests.xctest */;
			productType = "com.apple.product-type.bundle.unit-test";
		};
		7242807127D6065900BB0256 /* TripDiaryaUITests */ = {
			isa = PBXNativeTarget;
			buildConfigurationList = 7242808227D6065900BB0256 /* Build configuration list for PBXNativeTarget "TripDiaryaUITests" */;
			buildPhases = (
				5FACE1E5908ED09021099EC1 /* [CP] Check Pods Manifest.lock */,
				7242806E27D6065900BB0256 /* Sources */,
				7242806F27D6065900BB0256 /* Frameworks */,
				7242807027D6065900BB0256 /* Resources */,
				2AF9C32BE2102104D6B20B7C /* [CP] Embed Pods Frameworks */,
			);
			buildRules = (
			);
			dependencies = (
				7242807427D6065900BB0256 /* PBXTargetDependency */,
			);
			name = TripDiaryaUITests;
			productName = TripDiaryaUITests;
			productReference = 7242807227D6065900BB0256 /* TripDiaryaUITests.xctest */;
			productType = "com.apple.product-type.bundle.ui-testing";
		};
/* End PBXNativeTarget section */

/* Begin PBXProject section */
		7242804A27D6065700BB0256 /* Project object */ = {
			isa = PBXProject;
			attributes = {
				BuildIndependentTargetsInParallel = 1;
				LastSwiftUpdateCheck = 1320;
				LastUpgradeCheck = 1320;
				TargetAttributes = {
					7242805127D6065700BB0256 = {
						CreatedOnToolsVersion = 13.2.1;
					};
					7242806727D6065900BB0256 = {
						CreatedOnToolsVersion = 13.2.1;
						TestTargetID = 7242805127D6065700BB0256;
					};
					7242807127D6065900BB0256 = {
						CreatedOnToolsVersion = 13.2.1;
						TestTargetID = 7242805127D6065700BB0256;
					};
				};
			};
			buildConfigurationList = 7242804D27D6065700BB0256 /* Build configuration list for PBXProject "TripDiarya" */;
			compatibilityVersion = "Xcode 13.0";
			developmentRegion = en;
			hasScannedForEncodings = 0;
			knownRegions = (
				en,
				Base,
			);
			mainGroup = 7242804927D6065700BB0256;
			productRefGroup = 7242805327D6065700BB0256 /* Products */;
			projectDirPath = "";
			projectRoot = "";
			targets = (
				7242805127D6065700BB0256 /* TripDiarya */,
				7242806727D6065900BB0256 /* TripDiaryaTests */,
				7242807127D6065900BB0256 /* TripDiaryaUITests */,
			);
		};
/* End PBXProject section */

/* Begin PBXResourcesBuildPhase section */
		7242805027D6065700BB0256 /* Resources */ = {
			isa = PBXResourcesBuildPhase;
			buildActionMask = 2147483647;
			files = (
				7242806227D6065800BB0256 /* LaunchScreen.storyboard in Resources */,
				7242805F27D6065800BB0256 /* Assets.xcassets in Resources */,
			);
			runOnlyForDeploymentPostprocessing = 0;
		};
		7242806627D6065900BB0256 /* Resources */ = {
			isa = PBXResourcesBuildPhase;
			buildActionMask = 2147483647;
			files = (
			);
			runOnlyForDeploymentPostprocessing = 0;
		};
		7242807027D6065900BB0256 /* Resources */ = {
			isa = PBXResourcesBuildPhase;
			buildActionMask = 2147483647;
			files = (
			);
			runOnlyForDeploymentPostprocessing = 0;
		};
/* End PBXResourcesBuildPhase section */

/* Begin PBXShellScriptBuildPhase section */
		04DE38FED23649502EE84BBC /* [CP] Check Pods Manifest.lock */ = {
			isa = PBXShellScriptBuildPhase;
			buildActionMask = 2147483647;
			files = (
			);
			inputFileListPaths = (
			);
			inputPaths = (
				"${PODS_PODFILE_DIR_PATH}/Podfile.lock",
				"${PODS_ROOT}/Manifest.lock",
			);
			name = "[CP] Check Pods Manifest.lock";
			outputFileListPaths = (
			);
			outputPaths = (
				"$(DERIVED_FILE_DIR)/Pods-TripDiarya-checkManifestLockResult.txt",
			);
			runOnlyForDeploymentPostprocessing = 0;
			shellPath = /bin/sh;
			shellScript = "diff \"${PODS_PODFILE_DIR_PATH}/Podfile.lock\" \"${PODS_ROOT}/Manifest.lock\" > /dev/null\nif [ $? != 0 ] ; then\n    # print error to STDERR\n    echo \"error: The sandbox is not in sync with the Podfile.lock. Run 'pod install' or update your CocoaPods installation.\" >&2\n    exit 1\nfi\n# This output is used by Xcode 'outputs' to avoid re-running this script phase.\necho \"SUCCESS\" > \"${SCRIPT_OUTPUT_FILE_0}\"\n";
			showEnvVarsInLog = 0;
		};
		2AF9C32BE2102104D6B20B7C /* [CP] Embed Pods Frameworks */ = {
			isa = PBXShellScriptBuildPhase;
			buildActionMask = 2147483647;
			files = (
			);
			inputFileListPaths = (
				"${PODS_ROOT}/Target Support Files/Pods-TripDiarya-TripDiaryaUITests/Pods-TripDiarya-TripDiaryaUITests-frameworks-${CONFIGURATION}-input-files.xcfilelist",
			);
			name = "[CP] Embed Pods Frameworks";
			outputFileListPaths = (
				"${PODS_ROOT}/Target Support Files/Pods-TripDiarya-TripDiaryaUITests/Pods-TripDiarya-TripDiaryaUITests-frameworks-${CONFIGURATION}-output-files.xcfilelist",
			);
			runOnlyForDeploymentPostprocessing = 0;
			shellPath = /bin/sh;
			shellScript = "\"${PODS_ROOT}/Target Support Files/Pods-TripDiarya-TripDiaryaUITests/Pods-TripDiarya-TripDiaryaUITests-frameworks.sh\"\n";
			showEnvVarsInLog = 0;
		};
		5FACE1E5908ED09021099EC1 /* [CP] Check Pods Manifest.lock */ = {
			isa = PBXShellScriptBuildPhase;
			buildActionMask = 2147483647;
			files = (
			);
			inputFileListPaths = (
			);
			inputPaths = (
				"${PODS_PODFILE_DIR_PATH}/Podfile.lock",
				"${PODS_ROOT}/Manifest.lock",
			);
			name = "[CP] Check Pods Manifest.lock";
			outputFileListPaths = (
			);
			outputPaths = (
				"$(DERIVED_FILE_DIR)/Pods-TripDiarya-TripDiaryaUITests-checkManifestLockResult.txt",
			);
			runOnlyForDeploymentPostprocessing = 0;
			shellPath = /bin/sh;
			shellScript = "diff \"${PODS_PODFILE_DIR_PATH}/Podfile.lock\" \"${PODS_ROOT}/Manifest.lock\" > /dev/null\nif [ $? != 0 ] ; then\n    # print error to STDERR\n    echo \"error: The sandbox is not in sync with the Podfile.lock. Run 'pod install' or update your CocoaPods installation.\" >&2\n    exit 1\nfi\n# This output is used by Xcode 'outputs' to avoid re-running this script phase.\necho \"SUCCESS\" > \"${SCRIPT_OUTPUT_FILE_0}\"\n";
			showEnvVarsInLog = 0;
		};
		7CD0D291140E60A0BFF713A8 /* [CP] Check Pods Manifest.lock */ = {
			isa = PBXShellScriptBuildPhase;
			buildActionMask = 2147483647;
			files = (
			);
			inputFileListPaths = (
			);
			inputPaths = (
				"${PODS_PODFILE_DIR_PATH}/Podfile.lock",
				"${PODS_ROOT}/Manifest.lock",
			);
			name = "[CP] Check Pods Manifest.lock";
			outputFileListPaths = (
			);
			outputPaths = (
				"$(DERIVED_FILE_DIR)/Pods-TripDiaryaTests-checkManifestLockResult.txt",
			);
			runOnlyForDeploymentPostprocessing = 0;
			shellPath = /bin/sh;
			shellScript = "diff \"${PODS_PODFILE_DIR_PATH}/Podfile.lock\" \"${PODS_ROOT}/Manifest.lock\" > /dev/null\nif [ $? != 0 ] ; then\n    # print error to STDERR\n    echo \"error: The sandbox is not in sync with the Podfile.lock. Run 'pod install' or update your CocoaPods installation.\" >&2\n    exit 1\nfi\n# This output is used by Xcode 'outputs' to avoid re-running this script phase.\necho \"SUCCESS\" > \"${SCRIPT_OUTPUT_FILE_0}\"\n";
			showEnvVarsInLog = 0;
		};
		B028F3875E181BD94591DBAF /* [CP] Embed Pods Frameworks */ = {
			isa = PBXShellScriptBuildPhase;
			buildActionMask = 2147483647;
			files = (
			);
			inputFileListPaths = (
				"${PODS_ROOT}/Target Support Files/Pods-TripDiarya/Pods-TripDiarya-frameworks-${CONFIGURATION}-input-files.xcfilelist",
			);
			name = "[CP] Embed Pods Frameworks";
			outputFileListPaths = (
				"${PODS_ROOT}/Target Support Files/Pods-TripDiarya/Pods-TripDiarya-frameworks-${CONFIGURATION}-output-files.xcfilelist",
			);
			runOnlyForDeploymentPostprocessing = 0;
			shellPath = /bin/sh;
			shellScript = "\"${PODS_ROOT}/Target Support Files/Pods-TripDiarya/Pods-TripDiarya-frameworks.sh\"\n";
			showEnvVarsInLog = 0;
		};
/* End PBXShellScriptBuildPhase section */

/* Begin PBXSourcesBuildPhase section */
		7242804E27D6065700BB0256 /* Sources */ = {
			isa = PBXSourcesBuildPhase;
			buildActionMask = 2147483647;
			files = (
				72B29CC327E0E80C006BBE66 /* SplashViewModel.swift in Sources */,
				72B29CC527E0E81A006BBE66 /* SplashView.swift in Sources */,
				72F021B927E315BC00CBD208 /* SplashTimer.swift in Sources */,
				72B29CC727E0E849006BBE66 /* Base.swift in Sources */,
				7242805A27D6065700BB0256 /* SplashViewController.swift in Sources */,
				7242805627D6065700BB0256 /* AppDelegate.swift in Sources */,
				72F021B727E30CFC00CBD208 /* ViewActionReactiveUseable.swift in Sources */,
			);
			runOnlyForDeploymentPostprocessing = 0;
		};
		7242806427D6065900BB0256 /* Sources */ = {
			isa = PBXSourcesBuildPhase;
			buildActionMask = 2147483647;
			files = (
				7242806D27D6065900BB0256 /* TripDiaryaTests.swift in Sources */,
			);
			runOnlyForDeploymentPostprocessing = 0;
		};
		7242806E27D6065900BB0256 /* Sources */ = {
			isa = PBXSourcesBuildPhase;
			buildActionMask = 2147483647;
			files = (
				7242807727D6065900BB0256 /* TripDiaryaUITests.swift in Sources */,
				7242807927D6065900BB0256 /* TripDiaryaUITestsLaunchTests.swift in Sources */,
			);
			runOnlyForDeploymentPostprocessing = 0;
		};
/* End PBXSourcesBuildPhase section */

/* Begin PBXTargetDependency section */
		7242806A27D6065900BB0256 /* PBXTargetDependency */ = {
			isa = PBXTargetDependency;
			target = 7242805127D6065700BB0256 /* TripDiarya */;
			targetProxy = 7242806927D6065900BB0256 /* PBXContainerItemProxy */;
		};
		7242807427D6065900BB0256 /* PBXTargetDependency */ = {
			isa = PBXTargetDependency;
			target = 7242805127D6065700BB0256 /* TripDiarya */;
			targetProxy = 7242807327D6065900BB0256 /* PBXContainerItemProxy */;
		};
/* End PBXTargetDependency section */

/* Begin PBXVariantGroup section */
		7242806027D6065800BB0256 /* LaunchScreen.storyboard */ = {
			isa = PBXVariantGroup;
			children = (
				7242806127D6065800BB0256 /* Base */,
			);
			name = LaunchScreen.storyboard;
			sourceTree = "<group>";
		};
/* End PBXVariantGroup section */

/* Begin XCBuildConfiguration section */
		7242807A27D6065900BB0256 /* Debug */ = {
			isa = XCBuildConfiguration;
			buildSettings = {
				ALWAYS_SEARCH_USER_PATHS = NO;
				CLANG_ANALYZER_NONNULL = YES;
				CLANG_ANALYZER_NUMBER_OBJECT_CONVERSION = YES_AGGRESSIVE;
				CLANG_CXX_LANGUAGE_STANDARD = "gnu++17";
				CLANG_CXX_LIBRARY = "libc++";
				CLANG_ENABLE_MODULES = YES;
				CLANG_ENABLE_OBJC_ARC = YES;
				CLANG_ENABLE_OBJC_WEAK = YES;
				CLANG_WARN_BLOCK_CAPTURE_AUTORELEASING = YES;
				CLANG_WARN_BOOL_CONVERSION = YES;
				CLANG_WARN_COMMA = YES;
				CLANG_WARN_CONSTANT_CONVERSION = YES;
				CLANG_WARN_DEPRECATED_OBJC_IMPLEMENTATIONS = YES;
				CLANG_WARN_DIRECT_OBJC_ISA_USAGE = YES_ERROR;
				CLANG_WARN_DOCUMENTATION_COMMENTS = YES;
				CLANG_WARN_EMPTY_BODY = YES;
				CLANG_WARN_ENUM_CONVERSION = YES;
				CLANG_WARN_INFINITE_RECURSION = YES;
				CLANG_WARN_INT_CONVERSION = YES;
				CLANG_WARN_NON_LITERAL_NULL_CONVERSION = YES;
				CLANG_WARN_OBJC_IMPLICIT_RETAIN_SELF = YES;
				CLANG_WARN_OBJC_LITERAL_CONVERSION = YES;
				CLANG_WARN_OBJC_ROOT_CLASS = YES_ERROR;
				CLANG_WARN_QUOTED_INCLUDE_IN_FRAMEWORK_HEADER = YES;
				CLANG_WARN_RANGE_LOOP_ANALYSIS = YES;
				CLANG_WARN_STRICT_PROTOTYPES = YES;
				CLANG_WARN_SUSPICIOUS_MOVE = YES;
				CLANG_WARN_UNGUARDED_AVAILABILITY = YES_AGGRESSIVE;
				CLANG_WARN_UNREACHABLE_CODE = YES;
				CLANG_WARN__DUPLICATE_METHOD_MATCH = YES;
				COPY_PHASE_STRIP = NO;
				DEBUG_INFORMATION_FORMAT = dwarf;
				ENABLE_STRICT_OBJC_MSGSEND = YES;
				ENABLE_TESTABILITY = YES;
				GCC_C_LANGUAGE_STANDARD = gnu11;
				GCC_DYNAMIC_NO_PIC = NO;
				GCC_NO_COMMON_BLOCKS = YES;
				GCC_OPTIMIZATION_LEVEL = 0;
				GCC_PREPROCESSOR_DEFINITIONS = (
					"DEBUG=1",
					"$(inherited)",
				);
				GCC_WARN_64_TO_32_BIT_CONVERSION = YES;
				GCC_WARN_ABOUT_RETURN_TYPE = YES_ERROR;
				GCC_WARN_UNDECLARED_SELECTOR = YES;
				GCC_WARN_UNINITIALIZED_AUTOS = YES_AGGRESSIVE;
				GCC_WARN_UNUSED_FUNCTION = YES;
				GCC_WARN_UNUSED_VARIABLE = YES;
				IPHONEOS_DEPLOYMENT_TARGET = 15.2;
				MTL_ENABLE_DEBUG_INFO = INCLUDE_SOURCE;
				MTL_FAST_MATH = YES;
				ONLY_ACTIVE_ARCH = YES;
				SDKROOT = iphoneos;
				SWIFT_ACTIVE_COMPILATION_CONDITIONS = DEBUG;
				SWIFT_OPTIMIZATION_LEVEL = "-Onone";
			};
			name = Debug;
		};
		7242807B27D6065900BB0256 /* Release */ = {
			isa = XCBuildConfiguration;
			buildSettings = {
				ALWAYS_SEARCH_USER_PATHS = NO;
				CLANG_ANALYZER_NONNULL = YES;
				CLANG_ANALYZER_NUMBER_OBJECT_CONVERSION = YES_AGGRESSIVE;
				CLANG_CXX_LANGUAGE_STANDARD = "gnu++17";
				CLANG_CXX_LIBRARY = "libc++";
				CLANG_ENABLE_MODULES = YES;
				CLANG_ENABLE_OBJC_ARC = YES;
				CLANG_ENABLE_OBJC_WEAK = YES;
				CLANG_WARN_BLOCK_CAPTURE_AUTORELEASING = YES;
				CLANG_WARN_BOOL_CONVERSION = YES;
				CLANG_WARN_COMMA = YES;
				CLANG_WARN_CONSTANT_CONVERSION = YES;
				CLANG_WARN_DEPRECATED_OBJC_IMPLEMENTATIONS = YES;
				CLANG_WARN_DIRECT_OBJC_ISA_USAGE = YES_ERROR;
				CLANG_WARN_DOCUMENTATION_COMMENTS = YES;
				CLANG_WARN_EMPTY_BODY = YES;
				CLANG_WARN_ENUM_CONVERSION = YES;
				CLANG_WARN_INFINITE_RECURSION = YES;
				CLANG_WARN_INT_CONVERSION = YES;
				CLANG_WARN_NON_LITERAL_NULL_CONVERSION = YES;
				CLANG_WARN_OBJC_IMPLICIT_RETAIN_SELF = YES;
				CLANG_WARN_OBJC_LITERAL_CONVERSION = YES;
				CLANG_WARN_OBJC_ROOT_CLASS = YES_ERROR;
				CLANG_WARN_QUOTED_INCLUDE_IN_FRAMEWORK_HEADER = YES;
				CLANG_WARN_RANGE_LOOP_ANALYSIS = YES;
				CLANG_WARN_STRICT_PROTOTYPES = YES;
				CLANG_WARN_SUSPICIOUS_MOVE = YES;
				CLANG_WARN_UNGUARDED_AVAILABILITY = YES_AGGRESSIVE;
				CLANG_WARN_UNREACHABLE_CODE = YES;
				CLANG_WARN__DUPLICATE_METHOD_MATCH = YES;
				COPY_PHASE_STRIP = NO;
				DEBUG_INFORMATION_FORMAT = "dwarf-with-dsym";
				ENABLE_NS_ASSERTIONS = NO;
				ENABLE_STRICT_OBJC_MSGSEND = YES;
				GCC_C_LANGUAGE_STANDARD = gnu11;
				GCC_NO_COMMON_BLOCKS = YES;
				GCC_WARN_64_TO_32_BIT_CONVERSION = YES;
				GCC_WARN_ABOUT_RETURN_TYPE = YES_ERROR;
				GCC_WARN_UNDECLARED_SELECTOR = YES;
				GCC_WARN_UNINITIALIZED_AUTOS = YES_AGGRESSIVE;
				GCC_WARN_UNUSED_FUNCTION = YES;
				GCC_WARN_UNUSED_VARIABLE = YES;
				IPHONEOS_DEPLOYMENT_TARGET = 15.2;
				MTL_ENABLE_DEBUG_INFO = NO;
				MTL_FAST_MATH = YES;
				SDKROOT = iphoneos;
				SWIFT_COMPILATION_MODE = wholemodule;
				SWIFT_OPTIMIZATION_LEVEL = "-O";
				VALIDATE_PRODUCT = YES;
			};
			name = Release;
		};
		7242807D27D6065900BB0256 /* Debug */ = {
			isa = XCBuildConfiguration;
			baseConfigurationReference = 804D3CFEC02CD9D8F91DB086 /* Pods-TripDiarya.debug.xcconfig */;
			buildSettings = {
				ASSETCATALOG_COMPILER_APPICON_NAME = AppIcon;
				ASSETCATALOG_COMPILER_GLOBAL_ACCENT_COLOR_NAME = AccentColor;
				CODE_SIGN_STYLE = Automatic;
				CURRENT_PROJECT_VERSION = 1;
				DEVELOPMENT_TEAM = LHMNAPQ6N7;
				GENERATE_INFOPLIST_FILE = YES;
				INFOPLIST_FILE = TripDiarya/Info.plist;
				INFOPLIST_KEY_UIApplicationSupportsIndirectInputEvents = YES;
				INFOPLIST_KEY_UILaunchStoryboardName = LaunchScreen;
				INFOPLIST_KEY_UISupportedInterfaceOrientations_iPad = "UIInterfaceOrientationPortrait UIInterfaceOrientationPortraitUpsideDown UIInterfaceOrientationLandscapeLeft UIInterfaceOrientationLandscapeRight";
				INFOPLIST_KEY_UISupportedInterfaceOrientations_iPhone = "UIInterfaceOrientationPortrait UIInterfaceOrientationLandscapeLeft UIInterfaceOrientationLandscapeRight";
				LD_RUNPATH_SEARCH_PATHS = (
					"$(inherited)",
					"@executable_path/Frameworks",
				);
				MARKETING_VERSION = 1.0;
				PRODUCT_BUNDLE_IDENTIFIER = practice.TripDiarya;
				PRODUCT_NAME = "$(TARGET_NAME)";
				SWIFT_EMIT_LOC_STRINGS = YES;
				SWIFT_VERSION = 5.0;
				TARGETED_DEVICE_FAMILY = "1,2";
			};
			name = Debug;
		};
		7242807E27D6065900BB0256 /* Release */ = {
			isa = XCBuildConfiguration;
			baseConfigurationReference = 2E73887DDE3806B13A30C932 /* Pods-TripDiarya.release.xcconfig */;
			buildSettings = {
				ASSETCATALOG_COMPILER_APPICON_NAME = AppIcon;
				ASSETCATALOG_COMPILER_GLOBAL_ACCENT_COLOR_NAME = AccentColor;
				CODE_SIGN_STYLE = Automatic;
				CURRENT_PROJECT_VERSION = 1;
				DEVELOPMENT_TEAM = LHMNAPQ6N7;
				GENERATE_INFOPLIST_FILE = YES;
				INFOPLIST_FILE = TripDiarya/Info.plist;
				INFOPLIST_KEY_UIApplicationSupportsIndirectInputEvents = YES;
				INFOPLIST_KEY_UILaunchStoryboardName = LaunchScreen;
				INFOPLIST_KEY_UISupportedInterfaceOrientations_iPad = "UIInterfaceOrientationPortrait UIInterfaceOrientationPortraitUpsideDown UIInterfaceOrientationLandscapeLeft UIInterfaceOrientationLandscapeRight";
				INFOPLIST_KEY_UISupportedInterfaceOrientations_iPhone = "UIInterfaceOrientationPortrait UIInterfaceOrientationLandscapeLeft UIInterfaceOrientationLandscapeRight";
				LD_RUNPATH_SEARCH_PATHS = (
					"$(inherited)",
					"@executable_path/Frameworks",
				);
				MARKETING_VERSION = 1.0;
				PRODUCT_BUNDLE_IDENTIFIER = practice.TripDiarya;
				PRODUCT_NAME = "$(TARGET_NAME)";
				SWIFT_EMIT_LOC_STRINGS = YES;
				SWIFT_VERSION = 5.0;
				TARGETED_DEVICE_FAMILY = "1,2";
			};
			name = Release;
		};
		7242808027D6065900BB0256 /* Debug */ = {
			isa = XCBuildConfiguration;
			baseConfigurationReference = AF0590B84A402B1AAB8E5380 /* Pods-TripDiaryaTests.debug.xcconfig */;
			buildSettings = {
				ALWAYS_EMBED_SWIFT_STANDARD_LIBRARIES = YES;
				BUNDLE_LOADER = "$(TEST_HOST)";
				CODE_SIGN_STYLE = Automatic;
				CURRENT_PROJECT_VERSION = 1;
				DEVELOPMENT_TEAM = LHMNAPQ6N7;
				GENERATE_INFOPLIST_FILE = YES;
				IPHONEOS_DEPLOYMENT_TARGET = 15.2;
				MARKETING_VERSION = 1.0;
				PRODUCT_BUNDLE_IDENTIFIER = practice.TripDiaryaTests;
				PRODUCT_NAME = "$(TARGET_NAME)";
				SWIFT_EMIT_LOC_STRINGS = NO;
				SWIFT_VERSION = 5.0;
				TARGETED_DEVICE_FAMILY = "1,2";
				TEST_HOST = "$(BUILT_PRODUCTS_DIR)/TripDiarya.app/TripDiarya";
			};
			name = Debug;
		};
		7242808127D6065900BB0256 /* Release */ = {
			isa = XCBuildConfiguration;
			baseConfigurationReference = 49BCC5408570F773450411A7 /* Pods-TripDiaryaTests.release.xcconfig */;
			buildSettings = {
				ALWAYS_EMBED_SWIFT_STANDARD_LIBRARIES = YES;
				BUNDLE_LOADER = "$(TEST_HOST)";
				CODE_SIGN_STYLE = Automatic;
				CURRENT_PROJECT_VERSION = 1;
				DEVELOPMENT_TEAM = LHMNAPQ6N7;
				GENERATE_INFOPLIST_FILE = YES;
				IPHONEOS_DEPLOYMENT_TARGET = 15.2;
				MARKETING_VERSION = 1.0;
				PRODUCT_BUNDLE_IDENTIFIER = practice.TripDiaryaTests;
				PRODUCT_NAME = "$(TARGET_NAME)";
				SWIFT_EMIT_LOC_STRINGS = NO;
				SWIFT_VERSION = 5.0;
				TARGETED_DEVICE_FAMILY = "1,2";
				TEST_HOST = "$(BUILT_PRODUCTS_DIR)/TripDiarya.app/TripDiarya";
			};
			name = Release;
		};
		7242808327D6065900BB0256 /* Debug */ = {
			isa = XCBuildConfiguration;
			baseConfigurationReference = A040A165573BCA36AA5D8E77 /* Pods-TripDiarya-TripDiaryaUITests.debug.xcconfig */;
			buildSettings = {
				ALWAYS_EMBED_SWIFT_STANDARD_LIBRARIES = YES;
				CODE_SIGN_STYLE = Automatic;
				CURRENT_PROJECT_VERSION = 1;
				DEVELOPMENT_TEAM = LHMNAPQ6N7;
				GENERATE_INFOPLIST_FILE = YES;
				MARKETING_VERSION = 1.0;
				PRODUCT_BUNDLE_IDENTIFIER = practice.TripDiaryaUITests;
				PRODUCT_NAME = "$(TARGET_NAME)";
				SWIFT_EMIT_LOC_STRINGS = NO;
				SWIFT_VERSION = 5.0;
				TARGETED_DEVICE_FAMILY = "1,2";
				TEST_TARGET_NAME = TripDiarya;
			};
			name = Debug;
		};
		7242808427D6065900BB0256 /* Release */ = {
			isa = XCBuildConfiguration;
			baseConfigurationReference = 42B2E1E4BDD1C43F8CE5BB5D /* Pods-TripDiarya-TripDiaryaUITests.release.xcconfig */;
			buildSettings = {
				ALWAYS_EMBED_SWIFT_STANDARD_LIBRARIES = YES;
				CODE_SIGN_STYLE = Automatic;
				CURRENT_PROJECT_VERSION = 1;
				DEVELOPMENT_TEAM = LHMNAPQ6N7;
				GENERATE_INFOPLIST_FILE = YES;
				MARKETING_VERSION = 1.0;
				PRODUCT_BUNDLE_IDENTIFIER = practice.TripDiaryaUITests;
				PRODUCT_NAME = "$(TARGET_NAME)";
				SWIFT_EMIT_LOC_STRINGS = NO;
				SWIFT_VERSION = 5.0;
				TARGETED_DEVICE_FAMILY = "1,2";
				TEST_TARGET_NAME = TripDiarya;
			};
			name = Release;
		};
/* End XCBuildConfiguration section */

/* Begin XCConfigurationList section */
		7242804D27D6065700BB0256 /* Build configuration list for PBXProject "TripDiarya" */ = {
			isa = XCConfigurationList;
			buildConfigurations = (
				7242807A27D6065900BB0256 /* Debug */,
				7242807B27D6065900BB0256 /* Release */,
			);
			defaultConfigurationIsVisible = 0;
			defaultConfigurationName = Release;
		};
		7242807C27D6065900BB0256 /* Build configuration list for PBXNativeTarget "TripDiarya" */ = {
			isa = XCConfigurationList;
			buildConfigurations = (
				7242807D27D6065900BB0256 /* Debug */,
				7242807E27D6065900BB0256 /* Release */,
			);
			defaultConfigurationIsVisible = 0;
			defaultConfigurationName = Release;
		};
		7242807F27D6065900BB0256 /* Build configuration list for PBXNativeTarget "TripDiaryaTests" */ = {
			isa = XCConfigurationList;
			buildConfigurations = (
				7242808027D6065900BB0256 /* Debug */,
				7242808127D6065900BB0256 /* Release */,
			);
			defaultConfigurationIsVisible = 0;
			defaultConfigurationName = Release;
		};
		7242808227D6065900BB0256 /* Build configuration list for PBXNativeTarget "TripDiaryaUITests" */ = {
			isa = XCConfigurationList;
			buildConfigurations = (
				7242808327D6065900BB0256 /* Debug */,
				7242808427D6065900BB0256 /* Release */,
			);
			defaultConfigurationIsVisible = 0;
			defaultConfigurationName = Release;
		};
/* End XCConfigurationList section */
	};
	rootObject = 7242804A27D6065700BB0256 /* Project object */;
}
